
Microsoft Visual Studio Solution File, Format Version 12.00
# Visual Studio Version 16
VisualStudioVersion = 16.0.30114.105
MinimumVisualStudioVersion = 10.0.40219.1
Project("{FAE04EC0-301F-11D3-BF4B-00C04F79EFBC}") = "Wesselink_Evenementen_Desktop_Version", "Wesselink_Evenementen_Desktop_Version\Wesselink_Evenementen_Desktop_Version.csproj", "{B12E5F92-184E-48B2-929C-FA3D55F3BB0B}"
EndProject
Global
	GlobalSection(SolutionConfigurationPlatforms) = preSolution
		Debug|Any CPU = Debug|Any CPU
		Release|Any CPU = Release|Any CPU
	EndGlobalSection
	GlobalSection(ProjectConfigurationPlatforms) = postSolution
		{B12E5F92-184E-48B2-929C-FA3D55F3BB0B}.Debug|Any CPU.ActiveCfg = Debug|Any CPU
		{B12E5F92-184E-48B2-929C-FA3D55F3BB0B}.Debug|Any CPU.Build.0 = Debug|Any CPU
		{B12E5F92-184E-48B2-929C-FA3D55F3BB0B}.Release|Any CPU.ActiveCfg = Release|Any CPU
		{B12E5F92-184E-48B2-929C-FA3D55F3BB0B}.Release|Any CPU.Build.0 = Release|Any CPU
	EndGlobalSection
	GlobalSection(SolutionProperties) = preSolution
		HideSolutionNode = FALSE
	EndGlobalSection
	GlobalSection(ExtensibilityGlobals) = postSolution
		SolutionGuid = {3C59FAE5-B41F-4A0E-B471-BDA814B64B94}
	EndGlobalSection
EndGlobal
